lockfileVersion: '9.0'

settings:
  autoInstallPeers: true
  excludeLinksFromLockfile: false

importers:

  .:
    dependencies:
      '@b-fuze/deno-dom':
        specifier: jsr:^0.1.56
        version: '@jsr/b-fuze__deno-dom@0.1.56'
      '@maks11060/web':
        specifier: jsr:^0.1.1
        version: '@jsr/maks11060__web@0.1.1'
      '@types/node':
        specifier: ^25.2.3
        version: 25.2.3
      '@typescript/native-preview':
        specifier: 7.0.0-dev.20260214.1
        version: 7.0.0-dev.20260214.1
      typescript:
        specifier: ^5.9.3
        version: 5.9.3

packages:

  '@jsr/b-fuze__deno-dom@0.1.56':
    resolution: {integrity: sha512-RqLdWVkRnB+Nzvy5dZ3XIZStiuqKhhfgO85XOyDnwllaaHU9wDV1j2uH9y4wFlOJdr5yn77D9Rdvb4t2jbC1/Q==, tarball: https://npm.jsr.io/~/11/@jsr/b-fuze__deno-dom/0.1.56.tgz}

  '@jsr/denosaurs__plug@1.1.0':
    resolution: {integrity: sha512-GNRMr8XcYWbv8C1B5OjDa5u8q3p2lz7YVWQLhH5HAy0pkpb0+Y3npSxzjM49v5ajTFIzUCwIKv1gQukPm9q7qw==, tarball: https://npm.jsr.io/~/11/@jsr/denosaurs__plug/1.1.0.tgz}

  '@jsr/maks11060__web@0.1.1':
    resolution: {integrity: sha512-WaqttvK8++C5WuO7V+bnUO9r1X6u+tCEUcL+5I5hb6IoSSQeGgYaR4rEooxEDEArunDf6NdJFsfAWCq8UaZeCQ==, tarball: https://npm.jsr.io/~/11/@jsr/maks11060__web/0.1.1.tgz}

  '@jsr/std__encoding@1.0.10':
    resolution: {integrity: sha512-WK2njnDTyKefroRNk2Ooq7GStp6Y0ccAvr4To+Z/zecRAGe7+OSvH9DbiaHpAKwEi2KQbmpWMOYsdNt+TsdmSw==, tarball: https://npm.jsr.io/~/11/@jsr/std__encoding/1.0.10.tgz}

  '@jsr/std__fmt@1.0.9':
    resolution: {integrity: sha512-YFJJMozmORj2K91c5J9opWeh0VUwrd+Mwb7Pr0FkVCAKVLu2UhT4LyvJqWiyUT+eF+MdfqQ9F7RtQj4bXn9Smw==, tarball: https://npm.jsr.io/~/11/@jsr/std__fmt/1.0.9.tgz}

  '@jsr/std__fs@1.0.22':
    resolution: {integrity: sha512-PvDtgT25IqhFEX2LjQI0aTz/Wg61jCtJ8l19fE9MUSvSmtw57Kzr6sM7GcCsSrsZEdQ7wjLfXvvhy8irta4Zww==, tarball: https://npm.jsr.io/~/11/@jsr/std__fs/1.0.22.tgz}

  '@jsr/std__internal@1.0.12':
    resolution: {integrity: sha512-6xReMW9p+paJgqoFRpOE2nogJFvzPfaLHLIlyADYjKMUcwDyjKZxryIbgcU+gxiTygn8yCjld1HoI0ET4/iZeA==, tarball: https://npm.jsr.io/~/11/@jsr/std__internal/1.0.12.tgz}

  '@jsr/std__path@1.1.4':
    resolution: {integrity: sha512-SK4u9H6NVTfolhPdlvdYXfNFefy1W04AEHWJydryYbk+xqzNiVmr5o7TLJLJFqwHXuwMRhwrn+mcYeUfS0YFaA==, tarball: https://npm.jsr.io/~/11/@jsr/std__path/1.1.4.tgz}

  '@types/node@25.2.3':
    resolution: {integrity: sha512-m0jEgYlYz+mDJZ2+F4v8D1AyQb+QzsNqRuI7xg1VQX/KlKS0qT9r1Mo16yo5F/MtifXFgaofIFsdFMox2SxIbQ==}

  '@typescript/native-preview-darwin-arm64@7.0.0-dev.20260214.1':
    resolution: {integrity: sha512-Jb2WcLGpTOC6x58e8QPYC/14xmDbnbFIuKqUvYoI77hVtojVyxZi8L5Y4CgYqXYx8vRWmIFk35c1OGdtPip6Sg==}
    cpu: [arm64]
    os: [darwin]

  '@typescript/native-preview-darwin-x64@7.0.0-dev.20260214.1':
    resolution: {integrity: sha512-O9l2gVuQFZsb8NIQtu0HN5Tn/Hw2fwylPOPS/0Y4oW+FUMhkqtvetUkb3zZ0qj7capilZ4YnmyGYg3TDqkP4Nw==}
    cpu: [x64]
    os: [darwin]

  '@typescript/native-preview-linux-arm64@7.0.0-dev.20260214.1':
    resolution: {integrity: sha512-Hl4e3yxJqzIGgFI8aH/rLGW+a7kSLHJCpAd5JOLG7hHKnamZF4SjlunnoHLV4IcMri+G6UE3W/84i0QvQP5wLA==}
    cpu: [arm64]
    os: [linux]

  '@typescript/native-preview-linux-arm@7.0.0-dev.20260214.1':
    resolution: {integrity: sha512-TaFrVnx3iXtl/oH1hzwvFyqWj9tzkjW8Ufl2m0Vx2/7GXnzZadm2KA6tFpGbzzWbZJznmXxKHL4O3AZRQYyZqQ==}
    cpu: [arm]
    os: [linux]

  '@typescript/native-preview-linux-x64@7.0.0-dev.20260214.1':
    resolution: {integrity: sha512-a/JypIXTc/tdodhYdQm24WH6aTfnJJjDbwxce4BS2g6IzYSc2GFcZBvlq1CJYS2FAVLpiSxj0OFAZmgjpCDAKg==}
    cpu: [x64]
    os: [linux]

  '@typescript/native-preview-win32-arm64@7.0.0-dev.20260214.1':
    resolution: {integrity: sha512-MJGPEDvdXj8olcWH0P+cWYcaN4r/0J4aSbcaISlen3MZ/2hrrgNl46PV4eGJKKCDniY2pH2fJzrMyJWZOcdb0w==}
    cpu: [arm64]
    os: [win32]

  '@typescript/native-preview-win32-x64@7.0.0-dev.20260214.1':
    resolution: {integrity: sha512-BtF48TRUyiCKznlOcQ7r7EXhonGSanm9X2eu7d8Yq1vaWO5SDgB0e+ISQXSoIfs3a1S3d5S5QV/vTE4+vocPxA==}
    cpu: [x64]
    os: [win32]

  '@typescript/native-preview@7.0.0-dev.20260214.1':
    resolution: {integrity: sha512-BDM0ZLf2v6ilR0tDi8OMEr4X08lFCToPk3/p1SSE4GhagzmlU/5b+9slR0kKtaKMrds01FhvaKx6U9+NmAWgbQ==}
    hasBin: true

  typescript@5.9.3:
    resolution: {integrity: sha512-jl1vZzPDinLr9eUt3J/t7V6FgNEw9QjvBPdysz9KfQDD41fQrC2Y4vKQdiaUpFT4bXlb1RHhLpp8wtm6M5TgSw==}
    engines: {node: '>=14.17'}
    hasBin: true

  undici-types@7.16.0:
    resolution: {integrity: sha512-Zz+aZWSj8LE6zoxD+xrjh4VfkIG8Ya6LvYkZqtUQGJPZjYl53ypCaUwWqo7eI0x66KBGeRo+mlBEkMSeSZ38Nw==}

snapshots:

  '@jsr/b-fuze__deno-dom@0.1.56':
    dependencies:
      '@jsr/denosaurs__plug': 1.1.0

  '@jsr/denosaurs__plug@1.1.0':
    dependencies:
      '@jsr/std__encoding': 1.0.10
      '@jsr/std__fmt': 1.0.9
      '@jsr/std__fs': 1.0.22
      '@jsr/std__path': 1.1.4

  '@jsr/maks11060__web@0.1.1': {}

  '@jsr/std__encoding@1.0.10': {}

  '@jsr/std__fmt@1.0.9': {}

  '@jsr/std__fs@1.0.22':
    dependencies:
      '@jsr/std__internal': 1.0.12
      '@jsr/std__path': 1.1.4

  '@jsr/std__internal@1.0.12': {}

  '@jsr/std__path@1.1.4':
    dependencies:
      '@jsr/std__internal': 1.0.12

  '@types/node@25.2.3':
    dependencies:
      undici-types: 7.16.0

  '@typescript/native-preview-darwin-arm64@7.0.0-dev.20260214.1':
    optional: true

  '@typescript/native-preview-darwin-x64@7.0.0-dev.20260214.1':
    optional: true

  '@typescript/native-preview-linux-arm64@7.0.0-dev.20260214.1':
    optional: true

  '@typescript/native-preview-linux-arm@7.0.0-dev.20260214.1':
    optional: true

  '@typescript/native-preview-linux-x64@7.0.0-dev.20260214.1':
    optional: true

  '@typescript/native-preview-win32-arm64@7.0.0-dev.20260214.1':
    optional: true

  '@typescript/native-preview-win32-x64@7.0.0-dev.20260214.1':
    optional: true

  '@typescript/native-preview@7.0.0-dev.20260214.1':
    optionalDependencies:
      '@typescript/native-preview-darwin-arm64': 7.0.0-dev.20260214.1
      '@typescript/native-preview-darwin-x64': 7.0.0-dev.20260214.1
      '@typescript/native-preview-linux-arm': 7.0.0-dev.20260214.1
      '@typescript/native-preview-linux-arm64': 7.0.0-dev.20260214.1
      '@typescript/native-preview-linux-x64': 7.0.0-dev.20260214.1
      '@typescript/native-preview-win32-arm64': 7.0.0-dev.20260214.1
      '@typescript/native-preview-win32-x64': 7.0.0-dev.20260214.1

  typescript@5.9.3: {}

  undici-types@7.16.0: {}
